
Microsoft Visual Studio Solution File, Format Version 12.00
# Visual Studio Version 17
VisualStudioVersion = 17.5.002.0
MinimumVisualStudioVersion = 10.0.40219.1
Project("{9A19103F-16F7-4668-BE54-9A1E7A4F7556}") = "nuget-get-package-info", "nuget-get-package-info.csproj", "{D8007E27-D1FD-4CE9-80DB-748771C5F9F9}"
EndProject
Global
	GlobalSection(SolutionConfigurationPlatforms) = preSolution
		Debug|Any CPU = Debug|Any CPU
		Release|Any CPU = Release|Any CPU
	EndGlobalSection
	GlobalSection(ProjectConfigurationPlatforms) = postSolution
		{D8007E27-D1FD-4CE9-80DB-748771C5F9F9}.Debug|Any CPU.ActiveCfg = Debug|Any CPU
		{D8007E27-D1FD-4CE9-80DB-748771C5F9F9}.Debug|Any CPU.Build.0 = Debug|Any CPU
		{D8007E27-D1FD-4CE9-80DB-748771C5F9F9}.Release|Any CPU.ActiveCfg = Release|Any CPU
		{D8007E27-D1FD-4CE9-80DB-748771C5F9F9}.Release|Any CPU.Build.0 = Release|Any CPU
	EndGlobalSection
	GlobalSection(SolutionProperties) = preSolution
		HideSolutionNode = FALSE
	EndGlobalSection
	GlobalSection(ExtensibilityGlobals) = postSolution
		SolutionGuid = {19F02AEB-412B-42CD-A42E-C7C3268C292A}
	EndGlobalSection
EndGlobal
